
Microsoft Visual Studio Solution File, Format Version 12.00
# Visual Studio Version 17
VisualStudioVersion = 17.3.32901.215
MinimumVisualStudioVersion = 10.0.40219.1
Project("{FAE04EC0-301F-11D3-BF4B-00C04F79EFBC}") = "API_MEI", "API_MEI.csproj", "{EFBB06DC-8B5B-4F79-9DA9-5C7867A23CB0}"
EndProject
Global
	GlobalSection(SolutionConfigurationPlatforms) = preSolution
		Debug|Any CPU = Debug|Any CPU
		Release|Any CPU = Release|Any CPU
	EndGlobalSection
	GlobalSection(ProjectConfigurationPlatforms) = postSolution
		{EFBB06DC-8B5B-4F79-9DA9-5C7867A23CB0}.Debug|Any CPU.ActiveCfg = Debug|Any CPU
		{EFBB06DC-8B5B-4F79-9DA9-5C7867A23CB0}.Debug|Any CPU.Build.0 = Debug|Any CPU
		{EFBB06DC-8B5B-4F79-9DA9-5C7867A23CB0}.Release|Any CPU.ActiveCfg = Release|Any CPU
		{EFBB06DC-8B5B-4F79-9DA9-5C7867A23CB0}.Release|Any CPU.Build.0 = Release|Any CPU
	EndGlobalSection
	GlobalSection(SolutionProperties) = preSolution
		HideSolutionNode = FALSE
	EndGlobalSection
	GlobalSection(ExtensibilityGlobals) = postSolution
		SolutionGuid = {2119D945-8F06-4D46-989F-74983B0E10B3}
	EndGlobalSection
EndGlobal
